
Microsoft Visual Studio Solution File, Format Version 12.00
# Visual Studio Version 17
VisualStudioVersion = 17.10.35013.160
MinimumVisualStudioVersion = 10.0.40219.1
Project("{FAE04EC0-301F-11D3-BF4B-00C04F79EFBC}") = "CIPlateFormAPI", "CIPlateFormAPI\CIPlateFormAPI.csproj", "{0057B16B-6766-42A8-BCFC-69E8E20ED4B6}"
EndProject
Project("{FAE04EC0-301F-11D3-BF4B-00C04F79EFBC}") = "Business_Logic_Layer", "Business_Logic_Layer\Business_Logic_Layer.csproj", "{7F8EAEAB-038D-4EC7-BA63-6094AC47B5B5}"
EndProject
Project("{FAE04EC0-301F-11D3-BF4B-00C04F79EFBC}") = "Data_Logic_Layer", "Data_Logic_Layer\Data_Logic_Layer.csproj", "{50B3FDF7-75ED-4E3F-9070-439DA09CD62A}"
EndProject
Global
	GlobalSection(SolutionConfigurationPlatforms) = preSolution
		Debug|Any CPU = Debug|Any CPU
		Release|Any CPU = Release|Any CPU
	EndGlobalSection
	GlobalSection(ProjectConfigurationPlatforms) = postSolution
		{0057B16B-6766-42A8-BCFC-69E8E20ED4B6}.Debug|Any CPU.ActiveCfg = Debug|Any CPU
		{0057B16B-6766-42A8-BCFC-69E8E20ED4B6}.Debug|Any CPU.Build.0 = Debug|Any CPU
		{0057B16B-6766-42A8-BCFC-69E8E20ED4B6}.Release|Any CPU.ActiveCfg = Release|Any CPU
		{0057B16B-6766-42A8-BCFC-69E8E20ED4B6}.Release|Any CPU.Build.0 = Release|Any CPU
		{7F8EAEAB-038D-4EC7-BA63-6094AC47B5B5}.Debug|Any CPU.ActiveCfg = Debug|Any CPU
		{7F8EAEAB-038D-4EC7-BA63-6094AC47B5B5}.Debug|Any CPU.Build.0 = Debug|Any CPU
		{7F8EAEAB-038D-4EC7-BA63-6094AC47B5B5}.Release|Any CPU.ActiveCfg = Release|Any CPU
		{7F8EAEAB-038D-4EC7-BA63-6094AC47B5B5}.Release|Any CPU.Build.0 = Release|Any CPU
		{50B3FDF7-75ED-4E3F-9070-439DA09CD62A}.Debug|Any CPU.ActiveCfg = Debug|Any CPU
		{50B3FDF7-75ED-4E3F-9070-439DA09CD62A}.Debug|Any CPU.Build.0 = Debug|Any CPU
		{50B3FDF7-75ED-4E3F-9070-439DA09CD62A}.Release|Any CPU.ActiveCfg = Release|Any CPU
		{50B3FDF7-75ED-4E3F-9070-439DA09CD62A}.Release|Any CPU.Build.0 = Release|Any CPU
	EndGlobalSection
	GlobalSection(SolutionProperties) = preSolution
		HideSolutionNode = FALSE
	EndGlobalSection
	GlobalSection(ExtensibilityGlobals) = postSolution
		SolutionGuid = {B931BDAA-E031-4D17-BB12-933B879DED26}
	EndGlobalSection
EndGlobal
